
Microsoft Visual Studio Solution File, Format Version 12.00
# Visual Studio 15
VisualStudioVersion = 15.0.28307.960
MinimumVisualStudioVersion = 10.0.40219.1
Project("{FAE04EC0-301F-11D3-BF4B-00C04F79EFBC}") = "Sprint0", "Sprint0\Sprint0.csproj", "{AC248B26-5151-422D-B43A-0EA704F77527}"
EndProject
Global
	GlobalSection(SolutionConfigurationPlatforms) = preSolution
		Debug|x86 = Debug|x86
		Release|x86 = Release|x86
	EndGlobalSection
	GlobalSection(ProjectConfigurationPlatforms) = postSolution
		{AC248B26-5151-422D-B43A-0EA704F77527}.Debug|x86.ActiveCfg = Debug|x86
		{AC248B26-5151-422D-B43A-0EA704F77527}.Debug|x86.Build.0 = Debug|x86
		{AC248B26-5151-422D-B43A-0EA704F77527}.Release|x86.ActiveCfg = Release|x86
		{AC248B26-5151-422D-B43A-0EA704F77527}.Release|x86.Build.0 = Release|x86
	EndGlobalSection
	GlobalSection(SolutionProperties) = preSolution
		HideSolutionNode = FALSE
	EndGlobalSection
	GlobalSection(ExtensibilityGlobals) = postSolution
		SolutionGuid = {F1BC5A33-2ADF-4CC3-8D8C-65D16AEC5139}
	EndGlobalSection
EndGlobal
